
Microsoft Visual Studio Solution File, Format Version 12.00
# Visual Studio Version 16
VisualStudioVersion = 16.0.29020.237
MinimumVisualStudioVersion = 10.0.40219.1
Project("{8BC9CEB8-8B4A-11D0-8D11-00A0C91BC942}") = "CJ60Lib", "CJ60Lib.vcxproj", "{F10CF80C-D02C-4739-8B58-6E613525CB55}"
EndProject
Project("{8BC9CEB8-8B4A-11D0-8D11-00A0C91BC942}") = "CJ60StaticLib", "CJ60StaticLib.vcxproj", "{44E10DD8-CE2D-401D-B863-F603CDC722F2}"
EndProject
Project("{8BC9CEB8-8B4A-11D0-8D11-00A0C91BC942}") = "Demo_Controls", "..\Demo_Controls\Demo_Controls.vcxproj", "{A8D9F1CE-1BE2-4CF9-8014-84C531FADC1A}"
EndProject
Project("{8BC9CEB8-8B4A-11D0-8D11-00A0C91BC942}") = "Demo_DevStudio", "..\Demo_DevStudio\Demo_DevStudio.vcxproj", "{73070350-2C39-422B-804A-B962230D369F}"
EndProject
Project("{8BC9CEB8-8B4A-11D0-8D11-00A0C91BC942}") = "Demo_Explorer", "..\Demo_Explorer\Demo_Explorer.vcxproj", "{D814A15A-C2AA-4CE4-BE5A-8FF8318502F3}"
EndProject
Project("{8BC9CEB8-8B4A-11D0-8D11-00A0C91BC942}") = "Demo_Outlook", "..\Demo_Outlook\Demo_Outlook.vcxproj", "{6805E709-8E3E-4CBB-BF7F-BBA89C486605}"
EndProject
Project("{8BC9CEB8-8B4A-11D0-8D11-00A0C91BC942}") = "StaticTest", "..\StaticTest\StaticTest.vcxproj", "{675DC827-5813-4277-B558-AA563F9044B3}"
EndProject
Global
	GlobalSection(SolutionConfigurationPlatforms) = preSolution
		Debug|x86 = Debug|x86
		Release|x86 = Release|x86
		Template|x86 = Template|x86
	EndGlobalSection
	GlobalSection(ProjectConfigurationPlatforms) = postSolution
		{F10CF80C-D02C-4739-8B58-6E613525CB55}.Debug|x86.ActiveCfg = Debug|Win32
		{F10CF80C-D02C-4739-8B58-6E613525CB55}.Debug|x86.Build.0 = Debug|Win32
		{F10CF80C-D02C-4739-8B58-6E613525CB55}.Release|x86.ActiveCfg = Release|Win32
		{F10CF80C-D02C-4739-8B58-6E613525CB55}.Release|x86.Build.0 = Release|Win32
		{F10CF80C-D02C-4739-8B58-6E613525CB55}.Template|x86.ActiveCfg = Release|Win32
		{F10CF80C-D02C-4739-8B58-6E613525CB55}.Template|x86.Build.0 = Release|Win32
		{44E10DD8-CE2D-401D-B863-F603CDC722F2}.Debug|x86.ActiveCfg = Debug|Win32
		{44E10DD8-CE2D-401D-B863-F603CDC722F2}.Debug|x86.Build.0 = Debug|Win32
		{44E10DD8-CE2D-401D-B863-F603CDC722F2}.Release|x86.ActiveCfg = Release|Win32
		{44E10DD8-CE2D-401D-B863-F603CDC722F2}.Release|x86.Build.0 = Release|Win32
		{44E10DD8-CE2D-401D-B863-F603CDC722F2}.Template|x86.ActiveCfg = Template|Win32
		{44E10DD8-CE2D-401D-B863-F603CDC722F2}.Template|x86.Build.0 = Template|Win32
		{A8D9F1CE-1BE2-4CF9-8014-84C531FADC1A}.Debug|x86.ActiveCfg = Debug|Win32
		{A8D9F1CE-1BE2-4CF9-8014-84C531FADC1A}.Debug|x86.Build.0 = Debug|Win32
		{A8D9F1CE-1BE2-4CF9-8014-84C531FADC1A}.Release|x86.ActiveCfg = Release|Win32
		{A8D9F1CE-1BE2-4CF9-8014-84C531FADC1A}.Release|x86.Build.0 = Release|Win32
		{A8D9F1CE-1BE2-4CF9-8014-84C531FADC1A}.Template|x86.ActiveCfg = Template|Win32
		{A8D9F1CE-1BE2-4CF9-8014-84C531FADC1A}.Template|x86.Build.0 = Template|Win32
		{73070350-2C39-422B-804A-B962230D369F}.Debug|x86.ActiveCfg = Debug|Win32
		{73070350-2C39-422B-804A-B962230D369F}.Debug|x86.Build.0 = Debug|Win32
		{73070350-2C39-422B-804A-B962230D369F}.Release|x86.ActiveCfg = Release|Win32
		{73070350-2C39-422B-804A-B962230D369F}.Release|x86.Build.0 = Release|Win32
		{73070350-2C39-422B-804A-B962230D369F}.Template|x86.ActiveCfg = Template|Win32
		{73070350-2C39-422B-804A-B962230D369F}.Template|x86.Build.0 = Template|Win32
		{D814A15A-C2AA-4CE4-BE5A-8FF8318502F3}.Debug|x86.ActiveCfg = Debug|Win32
		{D814A15A-C2AA-4CE4-BE5A-8FF8318502F3}.Debug|x86.Build.0 = Debug|Win32
		{D814A15A-C2AA-4CE4-BE5A-8FF8318502F3}.Release|x86.ActiveCfg = Release|Win32
		{D814A15A-C2AA-4CE4-BE5A-8FF8318502F3}.Release|x86.Build.0 = Release|Win32
		{D814A15A-C2AA-4CE4-BE5A-8FF8318502F3}.Template|x86.ActiveCfg = Template|Win32
		{D814A15A-C2AA-4CE4-BE5A-8FF8318502F3}.Template|x86.Build.0 = Template|Win32
		{6805E709-8E3E-4CBB-BF7F-BBA89C486605}.Debug|x86.ActiveCfg = Debug|Win32
		{6805E709-8E3E-4CBB-BF7F-BBA89C486605}.Debug|x86.Build.0 = Debug|Win32
		{6805E709-8E3E-4CBB-BF7F-BBA89C486605}.Release|x86.ActiveCfg = Release|Win32
		{6805E709-8E3E-4CBB-BF7F-BBA89C486605}.Release|x86.Build.0 = Release|Win32
		{6805E709-8E3E-4CBB-BF7F-BBA89C486605}.Template|x86.ActiveCfg = Template|Win32
		{6805E709-8E3E-4CBB-BF7F-BBA89C486605}.Template|x86.Build.0 = Template|Win32
		{675DC827-5813-4277-B558-AA563F9044B3}.Debug|x86.ActiveCfg = Debug|Win32
		{675DC827-5813-4277-B558-AA563F9044B3}.Debug|x86.Build.0 = Debug|Win32
		{675DC827-5813-4277-B558-AA563F9044B3}.Release|x86.ActiveCfg = Release|Win32
		{675DC827-5813-4277-B558-AA563F9044B3}.Release|x86.Build.0 = Release|Win32
		{675DC827-5813-4277-B558-AA563F9044B3}.Template|x86.ActiveCfg = Template|Win32
		{675DC827-5813-4277-B558-AA563F9044B3}.Template|x86.Build.0 = Template|Win32
	EndGlobalSection
	GlobalSection(SolutionProperties) = preSolution
		HideSolutionNode = FALSE
	EndGlobalSection
	GlobalSection(ExtensibilityGlobals) = postSolution
		SolutionGuid = {DDBCF99E-725A-4DB4-8A7B-A6F75EC9336F}
	EndGlobalSection
EndGlobal
